
Microsoft Visual Studio Solution File, Format Version 12.00
# Visual Studio Version 17
VisualStudioVersion = 17.14.36429.23
MinimumVisualStudioVersion = 10.0.40219.1
Project("{2150E333-8FDC-42A3-9474-1A3956D46DE8}") = "Task0", "Task0", "{02EA681E-C7D8-13C7-8484-4AC65E1B71E8}"
EndProject
Project("{FAE04EC0-301F-11D3-BF4B-00C04F79EFBC}") = "Tyuiu.BayazitovEA.Sprint3.Task0.V4", "Tyuiu.BayazitovEA.Sprint3.Task0.V4\Tyuiu.BayazitovEA.Sprint3.Task0.V4.csproj", "{3D9D92AD-A000-4707-85A3-514F03461855}"
EndProject
Project("{FAE04EC0-301F-11D3-BF4B-00C04F79EFBC}") = "Tyuiu.BayazitovEA.Sprint3.Task0.V4.Test", "Tyuiu.BayazitovEA.Sprint3.Task0.V4.Test\Tyuiu.BayazitovEA.Sprint3.Task0.V4.Test.csproj", "{25A4C6D2-CDED-4342-9CFC-BD6F3738276D}"
EndProject
Project("{FAE04EC0-301F-11D3-BF4B-00C04F79EFBC}") = "Tyuiu.BayazitovEA.Sprint3.Task0.V4.Lib", "Tyuiu.BayazitovEA.Sprint3.Task0.V4.Lib\Tyuiu.BayazitovEA.Sprint3.Task0.V4.Lib.csproj", "{9A7ED557-AACC-417F-85B0-24813A29D988}"
EndProject
Project("{2150E333-8FDC-42A3-9474-1A3956D46DE8}") = "Task1", "Task1", "{CFCF67D4-3E3D-4052-BF08-B0070F93627C}"
EndProject
Project("{FAE04EC0-301F-11D3-BF4B-00C04F79EFBC}") = "Tyuiu.BayazitovEA.Sprint3.Task1.V15.Lib", "Tyuiu.BayazitovEA.Sprint3.Task1.V15.Lib\Tyuiu.BayazitovEA.Sprint3.Task1.V15.Lib.csproj", "{4EE6936D-DE21-482C-B79A-8847C60F8493}"
EndProject
Project("{FAE04EC0-301F-11D3-BF4B-00C04F79EFBC}") = "Tyuiu.BayazitovEA.Sprint3.Task1.V15.Test", "Tyuiu.BayazitovEA.Sprint3.Task1.V15.Test\Tyuiu.BayazitovEA.Sprint3.Task1.V15.Test.csproj", "{8A83356D-D043-478C-98D0-7F31C1A4CE81}"
EndProject
Project("{FAE04EC0-301F-11D3-BF4B-00C04F79EFBC}") = "Tyuiu.BayazitovEA.Sprint3.Task1.V15", "Tyuiu.BayazitovEA.Sprint3.Task1.V15\Tyuiu.BayazitovEA.Sprint3.Task1.V15.csproj", "{853556EA-8ABF-4424-92EC-67DFE4AF3677}"
EndProject
Global
	GlobalSection(SolutionConfigurationPlatforms) = preSolution
		Debug|Any CPU = Debug|Any CPU
		Release|Any CPU = Release|Any CPU
	EndGlobalSection
	GlobalSection(ProjectConfigurationPlatforms) = postSolution
		{3D9D92AD-A000-4707-85A3-514F03461855}.Debug|Any CPU.ActiveCfg = Debug|Any CPU
		{3D9D92AD-A000-4707-85A3-514F03461855}.Debug|Any CPU.Build.0 = Debug|Any CPU
		{3D9D92AD-A000-4707-85A3-514F03461855}.Release|Any CPU.ActiveCfg = Release|Any CPU
		{3D9D92AD-A000-4707-85A3-514F03461855}.Release|Any CPU.Build.0 = Release|Any CPU
		{25A4C6D2-CDED-4342-9CFC-BD6F3738276D}.Debug|Any CPU.ActiveCfg = Debug|Any CPU
		{25A4C6D2-CDED-4342-9CFC-BD6F3738276D}.Debug|Any CPU.Build.0 = Debug|Any CPU
		{25A4C6D2-CDED-4342-9CFC-BD6F3738276D}.Release|Any CPU.ActiveCfg = Release|Any CPU
		{25A4C6D2-CDED-4342-9CFC-BD6F3738276D}.Release|Any CPU.Build.0 = Release|Any CPU
		{9A7ED557-AACC-417F-85B0-24813A29D988}.Debug|Any CPU.ActiveCfg = Debug|Any CPU
		{9A7ED557-AACC-417F-85B0-24813A29D988}.Debug|Any CPU.Build.0 = Debug|Any CPU
		{9A7ED557-AACC-417F-85B0-24813A29D988}.Release|Any CPU.ActiveCfg = Release|Any CPU
		{9A7ED557-AACC-417F-85B0-24813A29D988}.Release|Any CPU.Build.0 = Release|Any CPU
		{4EE6936D-DE21-482C-B79A-8847C60F8493}.Debug|Any CPU.ActiveCfg = Debug|Any CPU
		{4EE6936D-DE21-482C-B79A-8847C60F8493}.Debug|Any CPU.Build.0 = Debug|Any CPU
		{4EE6936D-DE21-482C-B79A-8847C60F8493}.Release|Any CPU.ActiveCfg = Release|Any CPU
		{4EE6936D-DE21-482C-B79A-8847C60F8493}.Release|Any CPU.Build.0 = Release|Any CPU
		{8A83356D-D043-478C-98D0-7F31C1A4CE81}.Debug|Any CPU.ActiveCfg = Debug|Any CPU
		{8A83356D-D043-478C-98D0-7F31C1A4CE81}.Debug|Any CPU.Build.0 = Debug|Any CPU
		{8A83356D-D043-478C-98D0-7F31C1A4CE81}.Release|Any CPU.ActiveCfg = Release|Any CPU
		{8A83356D-D043-478C-98D0-7F31C1A4CE81}.Release|Any CPU.Build.0 = Release|Any CPU
		{853556EA-8ABF-4424-92EC-67DFE4AF3677}.Debug|Any CPU.ActiveCfg = Debug|Any CPU
		{853556EA-8ABF-4424-92EC-67DFE4AF3677}.Debug|Any CPU.Build.0 = Debug|Any CPU
		{853556EA-8ABF-4424-92EC-67DFE4AF3677}.Release|Any CPU.ActiveCfg = Release|Any CPU
		{853556EA-8ABF-4424-92EC-67DFE4AF3677}.Release|Any CPU.Build.0 = Release|Any CPU
	EndGlobalSection
	GlobalSection(SolutionProperties) = preSolution
		HideSolutionNode = FALSE
	EndGlobalSection
	GlobalSection(NestedProjects) = preSolution
		{3D9D92AD-A000-4707-85A3-514F03461855} = {02EA681E-C7D8-13C7-8484-4AC65E1B71E8}
		{25A4C6D2-CDED-4342-9CFC-BD6F3738276D} = {02EA681E-C7D8-13C7-8484-4AC65E1B71E8}
		{9A7ED557-AACC-417F-85B0-24813A29D988} = {02EA681E-C7D8-13C7-8484-4AC65E1B71E8}
		{4EE6936D-DE21-482C-B79A-8847C60F8493} = {CFCF67D4-3E3D-4052-BF08-B0070F93627C}
		{8A83356D-D043-478C-98D0-7F31C1A4CE81} = {CFCF67D4-3E3D-4052-BF08-B0070F93627C}
		{853556EA-8ABF-4424-92EC-67DFE4AF3677} = {CFCF67D4-3E3D-4052-BF08-B0070F93627C}
	EndGlobalSection
	GlobalSection(ExtensibilityGlobals) = postSolution
		SolutionGuid = {FB99C7E2-B944-4C5F-9356-606F56775107}
	EndGlobalSection
EndGlobal
