
Microsoft Visual Studio Solution File, Format Version 12.00
# Visual Studio Version 17
VisualStudioVersion = 17.14.36429.23
MinimumVisualStudioVersion = 10.0.40219.1
Project("{2150E333-8FDC-42A3-9474-1A3956D46DE8}") = "Task0", "Task0", "{02EA681E-C7D8-13C7-8484-4AC65E1B71E8}"
EndProject
Project("{FAE04EC0-301F-11D3-BF4B-00C04F79EFBC}") = "Tyuiu.BayazitovEA.Sprint3.Task0.V4", "Tyuiu.BayazitovEA.Sprint3.Task0.V4\Tyuiu.BayazitovEA.Sprint3.Task0.V4.csproj", "{3D9D92AD-A000-4707-85A3-514F03461855}"
EndProject
Project("{FAE04EC0-301F-11D3-BF4B-00C04F79EFBC}") = "Tyuiu.BayazitovEA.Sprint3.Task0.V4.Test", "Tyuiu.BayazitovEA.Sprint3.Task0.V4.Test\Tyuiu.BayazitovEA.Sprint3.Task0.V4.Test.csproj", "{25A4C6D2-CDED-4342-9CFC-BD6F3738276D}"
EndProject
Project("{FAE04EC0-301F-11D3-BF4B-00C04F79EFBC}") = "Tyuiu.BayazitovEA.Sprint3.Task0.V4.Lib", "Tyuiu.BayazitovEA.Sprint3.Task0.V4.Lib\Tyuiu.BayazitovEA.Sprint3.Task0.V4.Lib.csproj", "{9A7ED557-AACC-417F-85B0-24813A29D988}"
EndProject
Project("{2150E333-8FDC-42A3-9474-1A3956D46DE8}") = "Task1", "Task1", "{CFCF67D4-3E3D-4052-BF08-B0070F93627C}"
EndProject
Project("{FAE04EC0-301F-11D3-BF4B-00C04F79EFBC}") = "Tyuiu.BayazitovEA.Sprint3.Task1.V15.Lib", "Tyuiu.BayazitovEA.Sprint3.Task1.V15.Lib\Tyuiu.BayazitovEA.Sprint3.Task1.V15.Lib.csproj", "{4EE6936D-DE21-482C-B79A-8847C60F8493}"
EndProject
Project("{FAE04EC0-301F-11D3-BF4B-00C04F79EFBC}") = "Tyuiu.BayazitovEA.Sprint3.Task1.V15.Test", "Tyuiu.BayazitovEA.Sprint3.Task1.V15.Test\Tyuiu.BayazitovEA.Sprint3.Task1.V15.Test.csproj", "{8A83356D-D043-478C-98D0-7F31C1A4CE81}"
EndProject
Project("{FAE04EC0-301F-11D3-BF4B-00C04F79EFBC}") = "Tyuiu.BayazitovEA.Sprint3.Task1.V15", "Tyuiu.BayazitovEA.Sprint3.Task1.V15\Tyuiu.BayazitovEA.Sprint3.Task1.V15.csproj", "{853556EA-8ABF-4424-92EC-67DFE4AF3677}"
EndProject
Project("{2150E333-8FDC-42A3-9474-1A3956D46DE8}") = "Task2", "Task2", "{87C84E2B-2878-4E9B-A4D1-B7DF6886B7F6}"
EndProject
Project("{FAE04EC0-301F-11D3-BF4B-00C04F79EFBC}") = "Tyuiu.BayazitovEA.Sprint3.Task2.V15.Lib", "Tyuiu.BayazitovEA.Sprint3.Task2.V15.Lib\Tyuiu.BayazitovEA.Sprint3.Task2.V15.Lib.csproj", "{42452BFD-F03E-4A5B-B118-F8AA4AAACC7E}"
EndProject
Project("{FAE04EC0-301F-11D3-BF4B-00C04F79EFBC}") = "Tyuiu.BayazitovEA.Sprint3.Task2.V15", "Tyuiu.BayazitovEA.Sprint3.Task2.V15\Tyuiu.BayazitovEA.Sprint3.Task2.V15.csproj", "{ACC0FC72-0013-49BC-BA80-D35987EABB00}"
EndProject
Project("{FAE04EC0-301F-11D3-BF4B-00C04F79EFBC}") = "Tyuiu.BayazitovEA.Sprint3.Task2.V15.Test", "Tyuiu.BayazitovEA.Sprint3.Task2.V15.Test\Tyuiu.BayazitovEA.Sprint3.Task2.V15.Test.csproj", "{D612A61C-9B67-451B-A8FA-A3E8A123104F}"
EndProject
Project("{2150E333-8FDC-42A3-9474-1A3956D46DE8}") = "Task3", "Task3", "{5E1502C6-C4C7-46CA-B9C8-A0E67DA17545}"
EndProject
Project("{FAE04EC0-301F-11D3-BF4B-00C04F79EFBC}") = "Tyuiu.BayazitovEA.Sprint3.Task3.V12.Lib", "Tyuiu.BayazitovEA.Sprint3.Task3.V12.Lib\Tyuiu.BayazitovEA.Sprint3.Task3.V12.Lib.csproj", "{536DC77A-0347-4A71-B723-D94A96F043CE}"
EndProject
Project("{FAE04EC0-301F-11D3-BF4B-00C04F79EFBC}") = "Tyuiu.BayazitovEA.Sprint3.Task3.V12.Test", "Tyuiu.BayazitovEA.Sprint3.Task3.V12.Test\Tyuiu.BayazitovEA.Sprint3.Task3.V12.Test.csproj", "{4B5BDC23-C85D-4072-9427-5782A80ABFC8}"
EndProject
Project("{FAE04EC0-301F-11D3-BF4B-00C04F79EFBC}") = "Tyuiu.BayazitovEA.Sprint3.Task3.V12", "Tyuiu.BayazitovEA.Sprint3.Task3.V12\Tyuiu.BayazitovEA.Sprint3.Task3.V12.csproj", "{610A0AA6-43FF-4BB8-94FA-1C733ECA2D3A}"
EndProject
Project("{2150E333-8FDC-42A3-9474-1A3956D46DE8}") = "Task4", "Task4", "{8ABB3FD3-3321-4A30-ABF8-72C908DD7B00}"
EndProject
Project("{FAE04EC0-301F-11D3-BF4B-00C04F79EFBC}") = "Tyuiu.BayazitovEA.Sprint3.Task4.V10.Lib", "Tyuiu.BayazitovEA.Sprint3.Task4.V10.Lib\Tyuiu.BayazitovEA.Sprint3.Task4.V10.Lib.csproj", "{43031831-51C4-4BCA-B4E4-AFEEB0C771CA}"
EndProject
Project("{FAE04EC0-301F-11D3-BF4B-00C04F79EFBC}") = "Tyuiu.BayazitovEA.Sprint3.Task4.V10", "Tyuiu.BayazitovEA.Sprint3.Task4.V10\Tyuiu.BayazitovEA.Sprint3.Task4.V10.csproj", "{3B1EDE5B-2AEF-4368-A775-E26FCC8DF8FD}"
EndProject
Project("{FAE04EC0-301F-11D3-BF4B-00C04F79EFBC}") = "Tyuiu.BayazitovEA.Sprint3.Task4.V10.Test", "Tyuiu.BayazitovEA.Sprint3.Task4.V10.Test\Tyuiu.BayazitovEA.Sprint3.Task4.V10.Test.csproj", "{01B46266-A080-46EA-81A4-A61D95977A08}"
EndProject
Project("{2150E333-8FDC-42A3-9474-1A3956D46DE8}") = "Task5", "Task5", "{448C5E2C-2986-42A2-9B0A-89108C312DAB}"
EndProject
Project("{FAE04EC0-301F-11D3-BF4B-00C04F79EFBC}") = "Tyuiu.BayazitovEA.Sprint3.Task5.V13.Lib", "Tyuiu.BayazitovEA.Sprint3.Task5.V13.Lib\Tyuiu.BayazitovEA.Sprint3.Task5.V13.Lib.csproj", "{4888905E-130B-4538-BE31-B648E66CB7DA}"
EndProject
Project("{FAE04EC0-301F-11D3-BF4B-00C04F79EFBC}") = "Tyuiu.BayazitovEA.Sprint3.Task5.V13.Test", "Tyuiu.BayazitovEA.Sprint3.Task5.V13.Test\Tyuiu.BayazitovEA.Sprint3.Task5.V13.Test.csproj", "{0437F76E-E309-47F2-A384-18FC1395C030}"
EndProject
Project("{FAE04EC0-301F-11D3-BF4B-00C04F79EFBC}") = "Tyuiu.BayazitovEA.Sprint3.Task5.V13", "Tyuiu.BayazitovEA.Sprint3.Task5.V13\Tyuiu.BayazitovEA.Sprint3.Task5.V13.csproj", "{4DC6D5C8-CD18-49DF-A330-2C150FDD37FD}"
EndProject
Project("{2150E333-8FDC-42A3-9474-1A3956D46DE8}") = "Task6", "Task6", "{48CAFEC7-2D38-4E73-933D-73DEBF9ACB99}"
EndProject
Project("{FAE04EC0-301F-11D3-BF4B-00C04F79EFBC}") = "Tyuiu.BayazitovEA.Sprint3.Task6.V9.Lib", "Tyuiu.BayazitovEA.Sprint3.Task6.V9.Lib\Tyuiu.BayazitovEA.Sprint3.Task6.V9.Lib.csproj", "{310AD68B-6C86-45FE-8F4A-6F94C2F9C8C6}"
EndProject
Project("{FAE04EC0-301F-11D3-BF4B-00C04F79EFBC}") = "Tyuiu.BayazitovEA.Sprint3.Task6.V9", "Tyuiu.BayazitovEA.Sprint3.Task6.V9\Tyuiu.BayazitovEA.Sprint3.Task6.V9.csproj", "{DD7033BE-291B-4C89-B395-20DDD1B037D2}"
EndProject
Project("{FAE04EC0-301F-11D3-BF4B-00C04F79EFBC}") = "Tyuiu.BayazitovEA.Sprint3.Task6.V9.Test", "Tyuiu.BayazitovEA.Sprint3.Task6.V9.Test\Tyuiu.BayazitovEA.Sprint3.Task6.V9.Test.csproj", "{5AD7C454-C908-4449-94B5-4F1153982C92}"
EndProject
Project("{2150E333-8FDC-42A3-9474-1A3956D46DE8}") = "Task7", "Task7", "{391722E5-F898-4D0E-8D19-F6F6BEAFB941}"
EndProject
Project("{FAE04EC0-301F-11D3-BF4B-00C04F79EFBC}") = "Tyuiu.BayazitovEA.Sprint3.Task7.V8.Lib", "Tyuiu.BayazitovEA.Sprint3.Task7.V8.Lib\Tyuiu.BayazitovEA.Sprint3.Task7.V8.Lib.csproj", "{6D0FD325-FD9C-4469-8DFE-AAE7C0E11654}"
EndProject
Project("{FAE04EC0-301F-11D3-BF4B-00C04F79EFBC}") = "Tyuiu.BayazitovEA.Sprint3.Task7.V8.Test", "Tyuiu.BayazitovEA.Sprint3.Task7.V8.Test\Tyuiu.BayazitovEA.Sprint3.Task7.V8.Test.csproj", "{A8DC2206-A707-43C9-8B0B-0A241C497B1B}"
EndProject
Project("{FAE04EC0-301F-11D3-BF4B-00C04F79EFBC}") = "Tyuiu.BayazitovEA.Sprint3.Task7.V8", "Tyuiu.BayazitovEA.Sprint3.Task7.V8\Tyuiu.BayazitovEA.Sprint3.Task7.V8.csproj", "{2366FB4C-3592-41F8-9C74-8948A5205DEE}"
EndProject
Global
	GlobalSection(SolutionConfigurationPlatforms) = preSolution
		Debug|Any CPU = Debug|Any CPU
		Release|Any CPU = Release|Any CPU
	EndGlobalSection
	GlobalSection(ProjectConfigurationPlatforms) = postSolution
		{3D9D92AD-A000-4707-85A3-514F03461855}.Debug|Any CPU.ActiveCfg = Debug|Any CPU
		{3D9D92AD-A000-4707-85A3-514F03461855}.Debug|Any CPU.Build.0 = Debug|Any CPU
		{3D9D92AD-A000-4707-85A3-514F03461855}.Release|Any CPU.ActiveCfg = Release|Any CPU
		{3D9D92AD-A000-4707-85A3-514F03461855}.Release|Any CPU.Build.0 = Release|Any CPU
		{25A4C6D2-CDED-4342-9CFC-BD6F3738276D}.Debug|Any CPU.ActiveCfg = Debug|Any CPU
		{25A4C6D2-CDED-4342-9CFC-BD6F3738276D}.Debug|Any CPU.Build.0 = Debug|Any CPU
		{25A4C6D2-CDED-4342-9CFC-BD6F3738276D}.Release|Any CPU.ActiveCfg = Release|Any CPU
		{25A4C6D2-CDED-4342-9CFC-BD6F3738276D}.Release|Any CPU.Build.0 = Release|Any CPU
		{9A7ED557-AACC-417F-85B0-24813A29D988}.Debug|Any CPU.ActiveCfg = Debug|Any CPU
		{9A7ED557-AACC-417F-85B0-24813A29D988}.Debug|Any CPU.Build.0 = Debug|Any CPU
		{9A7ED557-AACC-417F-85B0-24813A29D988}.Release|Any CPU.ActiveCfg = Release|Any CPU
		{9A7ED557-AACC-417F-85B0-24813A29D988}.Release|Any CPU.Build.0 = Release|Any CPU
		{4EE6936D-DE21-482C-B79A-8847C60F8493}.Debug|Any CPU.ActiveCfg = Debug|Any CPU
		{4EE6936D-DE21-482C-B79A-8847C60F8493}.Debug|Any CPU.Build.0 = Debug|Any CPU
		{4EE6936D-DE21-482C-B79A-8847C60F8493}.Release|Any CPU.ActiveCfg = Release|Any CPU
		{4EE6936D-DE21-482C-B79A-8847C60F8493}.Release|Any CPU.Build.0 = Release|Any CPU
		{8A83356D-D043-478C-98D0-7F31C1A4CE81}.Debug|Any CPU.ActiveCfg = Debug|Any CPU
		{8A83356D-D043-478C-98D0-7F31C1A4CE81}.Debug|Any CPU.Build.0 = Debug|Any CPU
		{8A83356D-D043-478C-98D0-7F31C1A4CE81}.Release|Any CPU.ActiveCfg = Release|Any CPU
		{8A83356D-D043-478C-98D0-7F31C1A4CE81}.Release|Any CPU.Build.0 = Release|Any CPU
		{853556EA-8ABF-4424-92EC-67DFE4AF3677}.Debug|Any CPU.ActiveCfg = Debug|Any CPU
		{853556EA-8ABF-4424-92EC-67DFE4AF3677}.Debug|Any CPU.Build.0 = Debug|Any CPU
		{853556EA-8ABF-4424-92EC-67DFE4AF3677}.Release|Any CPU.ActiveCfg = Release|Any CPU
		{853556EA-8ABF-4424-92EC-67DFE4AF3677}.Release|Any CPU.Build.0 = Release|Any CPU
		{42452BFD-F03E-4A5B-B118-F8AA4AAACC7E}.Debug|Any CPU.ActiveCfg = Debug|Any CPU
		{42452BFD-F03E-4A5B-B118-F8AA4AAACC7E}.Debug|Any CPU.Build.0 = Debug|Any CPU
		{42452BFD-F03E-4A5B-B118-F8AA4AAACC7E}.Release|Any CPU.ActiveCfg = Release|Any CPU
		{42452BFD-F03E-4A5B-B118-F8AA4AAACC7E}.Release|Any CPU.Build.0 = Release|Any CPU
		{ACC0FC72-0013-49BC-BA80-D35987EABB00}.Debug|Any CPU.ActiveCfg = Debug|Any CPU
		{ACC0FC72-0013-49BC-BA80-D35987EABB00}.Debug|Any CPU.Build.0 = Debug|Any CPU
		{ACC0FC72-0013-49BC-BA80-D35987EABB00}.Release|Any CPU.ActiveCfg = Release|Any CPU
		{ACC0FC72-0013-49BC-BA80-D35987EABB00}.Release|Any CPU.Build.0 = Release|Any CPU
		{D612A61C-9B67-451B-A8FA-A3E8A123104F}.Debug|Any CPU.ActiveCfg = Debug|Any CPU
		{D612A61C-9B67-451B-A8FA-A3E8A123104F}.Debug|Any CPU.Build.0 = Debug|Any CPU
		{D612A61C-9B67-451B-A8FA-A3E8A123104F}.Release|Any CPU.ActiveCfg = Release|Any CPU
		{D612A61C-9B67-451B-A8FA-A3E8A123104F}.Release|Any CPU.Build.0 = Release|Any CPU
		{536DC77A-0347-4A71-B723-D94A96F043CE}.Debug|Any CPU.ActiveCfg = Debug|Any CPU
		{536DC77A-0347-4A71-B723-D94A96F043CE}.Debug|Any CPU.Build.0 = Debug|Any CPU
		{536DC77A-0347-4A71-B723-D94A96F043CE}.Release|Any CPU.ActiveCfg = Release|Any CPU
		{536DC77A-0347-4A71-B723-D94A96F043CE}.Release|Any CPU.Build.0 = Release|Any CPU
		{4B5BDC23-C85D-4072-9427-5782A80ABFC8}.Debug|Any CPU.ActiveCfg = Debug|Any CPU
		{4B5BDC23-C85D-4072-9427-5782A80ABFC8}.Debug|Any CPU.Build.0 = Debug|Any CPU
		{4B5BDC23-C85D-4072-9427-5782A80ABFC8}.Release|Any CPU.ActiveCfg = Release|Any CPU
		{4B5BDC23-C85D-4072-9427-5782A80ABFC8}.Release|Any CPU.Build.0 = Release|Any CPU
		{610A0AA6-43FF-4BB8-94FA-1C733ECA2D3A}.Debug|Any CPU.ActiveCfg = Debug|Any CPU
		{610A0AA6-43FF-4BB8-94FA-1C733ECA2D3A}.Debug|Any CPU.Build.0 = Debug|Any CPU
		{610A0AA6-43FF-4BB8-94FA-1C733ECA2D3A}.Release|Any CPU.ActiveCfg = Release|Any CPU
		{610A0AA6-43FF-4BB8-94FA-1C733ECA2D3A}.Release|Any CPU.Build.0 = Release|Any CPU
		{43031831-51C4-4BCA-B4E4-AFEEB0C771CA}.Debug|Any CPU.ActiveCfg = Debug|Any CPU
		{43031831-51C4-4BCA-B4E4-AFEEB0C771CA}.Debug|Any CPU.Build.0 = Debug|Any CPU
		{43031831-51C4-4BCA-B4E4-AFEEB0C771CA}.Release|Any CPU.ActiveCfg = Release|Any CPU
		{43031831-51C4-4BCA-B4E4-AFEEB0C771CA}.Release|Any CPU.Build.0 = Release|Any CPU
		{3B1EDE5B-2AEF-4368-A775-E26FCC8DF8FD}.Debug|Any CPU.ActiveCfg = Debug|Any CPU
		{3B1EDE5B-2AEF-4368-A775-E26FCC8DF8FD}.Debug|Any CPU.Build.0 = Debug|Any CPU
		{3B1EDE5B-2AEF-4368-A775-E26FCC8DF8FD}.Release|Any CPU.ActiveCfg = Release|Any CPU
		{3B1EDE5B-2AEF-4368-A775-E26FCC8DF8FD}.Release|Any CPU.Build.0 = Release|Any CPU
		{01B46266-A080-46EA-81A4-A61D95977A08}.Debug|Any CPU.ActiveCfg = Debug|Any CPU
		{01B46266-A080-46EA-81A4-A61D95977A08}.Debug|Any CPU.Build.0 = Debug|Any CPU
		{01B46266-A080-46EA-81A4-A61D95977A08}.Release|Any CPU.ActiveCfg = Release|Any CPU
		{01B46266-A080-46EA-81A4-A61D95977A08}.Release|Any CPU.Build.0 = Release|Any CPU
		{4888905E-130B-4538-BE31-B648E66CB7DA}.Debug|Any CPU.ActiveCfg = Debug|Any CPU
		{4888905E-130B-4538-BE31-B648E66CB7DA}.Debug|Any CPU.Build.0 = Debug|Any CPU
		{4888905E-130B-4538-BE31-B648E66CB7DA}.Release|Any CPU.ActiveCfg = Release|Any CPU
		{4888905E-130B-4538-BE31-B648E66CB7DA}.Release|Any CPU.Build.0 = Release|Any CPU
		{0437F76E-E309-47F2-A384-18FC1395C030}.Debug|Any CPU.ActiveCfg = Debug|Any CPU
		{0437F76E-E309-47F2-A384-18FC1395C030}.Debug|Any CPU.Build.0 = Debug|Any CPU
		{0437F76E-E309-47F2-A384-18FC1395C030}.Release|Any CPU.ActiveCfg = Release|Any CPU
		{0437F76E-E309-47F2-A384-18FC1395C030}.Release|Any CPU.Build.0 = Release|Any CPU
		{4DC6D5C8-CD18-49DF-A330-2C150FDD37FD}.Debug|Any CPU.ActiveCfg = Debug|Any CPU
		{4DC6D5C8-CD18-49DF-A330-2C150FDD37FD}.Debug|Any CPU.Build.0 = Debug|Any CPU
		{4DC6D5C8-CD18-49DF-A330-2C150FDD37FD}.Release|Any CPU.ActiveCfg = Release|Any CPU
		{4DC6D5C8-CD18-49DF-A330-2C150FDD37FD}.Release|Any CPU.Build.0 = Release|Any CPU
		{310AD68B-6C86-45FE-8F4A-6F94C2F9C8C6}.Debug|Any CPU.ActiveCfg = Debug|Any CPU
		{310AD68B-6C86-45FE-8F4A-6F94C2F9C8C6}.Debug|Any CPU.Build.0 = Debug|Any CPU
		{310AD68B-6C86-45FE-8F4A-6F94C2F9C8C6}.Release|Any CPU.ActiveCfg = Release|Any CPU
		{310AD68B-6C86-45FE-8F4A-6F94C2F9C8C6}.Release|Any CPU.Build.0 = Release|Any CPU
		{DD7033BE-291B-4C89-B395-20DDD1B037D2}.Debug|Any CPU.ActiveCfg = Debug|Any CPU
		{DD7033BE-291B-4C89-B395-20DDD1B037D2}.Debug|Any CPU.Build.0 = Debug|Any CPU
		{DD7033BE-291B-4C89-B395-20DDD1B037D2}.Release|Any CPU.ActiveCfg = Release|Any CPU
		{DD7033BE-291B-4C89-B395-20DDD1B037D2}.Release|Any CPU.Build.0 = Release|Any CPU
		{5AD7C454-C908-4449-94B5-4F1153982C92}.Debug|Any CPU.ActiveCfg = Debug|Any CPU
		{5AD7C454-C908-4449-94B5-4F1153982C92}.Debug|Any CPU.Build.0 = Debug|Any CPU
		{5AD7C454-C908-4449-94B5-4F1153982C92}.Release|Any CPU.ActiveCfg = Release|Any CPU
		{5AD7C454-C908-4449-94B5-4F1153982C92}.Release|Any CPU.Build.0 = Release|Any CPU
		{6D0FD325-FD9C-4469-8DFE-AAE7C0E11654}.Debug|Any CPU.ActiveCfg = Debug|Any CPU
		{6D0FD325-FD9C-4469-8DFE-AAE7C0E11654}.Debug|Any CPU.Build.0 = Debug|Any CPU
		{6D0FD325-FD9C-4469-8DFE-AAE7C0E11654}.Release|Any CPU.ActiveCfg = Release|Any CPU
		{6D0FD325-FD9C-4469-8DFE-AAE7C0E11654}.Release|Any CPU.Build.0 = Release|Any CPU
		{A8DC2206-A707-43C9-8B0B-0A241C497B1B}.Debug|Any CPU.ActiveCfg = Debug|Any CPU
		{A8DC2206-A707-43C9-8B0B-0A241C497B1B}.Debug|Any CPU.Build.0 = Debug|Any CPU
		{A8DC2206-A707-43C9-8B0B-0A241C497B1B}.Release|Any CPU.ActiveCfg = Release|Any CPU
		{A8DC2206-A707-43C9-8B0B-0A241C497B1B}.Release|Any CPU.Build.0 = Release|Any CPU
		{2366FB4C-3592-41F8-9C74-8948A5205DEE}.Debug|Any CPU.ActiveCfg = Debug|Any CPU
		{2366FB4C-3592-41F8-9C74-8948A5205DEE}.Debug|Any CPU.Build.0 = Debug|Any CPU
		{2366FB4C-3592-41F8-9C74-8948A5205DEE}.Release|Any CPU.ActiveCfg = Release|Any CPU
		{2366FB4C-3592-41F8-9C74-8948A5205DEE}.Release|Any CPU.Build.0 = Release|Any CPU
	EndGlobalSection
	GlobalSection(SolutionProperties) = preSolution
		HideSolutionNode = FALSE
	EndGlobalSection
	GlobalSection(NestedProjects) = preSolution
		{3D9D92AD-A000-4707-85A3-514F03461855} = {02EA681E-C7D8-13C7-8484-4AC65E1B71E8}
		{25A4C6D2-CDED-4342-9CFC-BD6F3738276D} = {02EA681E-C7D8-13C7-8484-4AC65E1B71E8}
		{9A7ED557-AACC-417F-85B0-24813A29D988} = {02EA681E-C7D8-13C7-8484-4AC65E1B71E8}
		{4EE6936D-DE21-482C-B79A-8847C60F8493} = {CFCF67D4-3E3D-4052-BF08-B0070F93627C}
		{8A83356D-D043-478C-98D0-7F31C1A4CE81} = {CFCF67D4-3E3D-4052-BF08-B0070F93627C}
		{853556EA-8ABF-4424-92EC-67DFE4AF3677} = {CFCF67D4-3E3D-4052-BF08-B0070F93627C}
		{42452BFD-F03E-4A5B-B118-F8AA4AAACC7E} = {87C84E2B-2878-4E9B-A4D1-B7DF6886B7F6}
		{ACC0FC72-0013-49BC-BA80-D35987EABB00} = {87C84E2B-2878-4E9B-A4D1-B7DF6886B7F6}
		{D612A61C-9B67-451B-A8FA-A3E8A123104F} = {87C84E2B-2878-4E9B-A4D1-B7DF6886B7F6}
		{536DC77A-0347-4A71-B723-D94A96F043CE} = {5E1502C6-C4C7-46CA-B9C8-A0E67DA17545}
		{4B5BDC23-C85D-4072-9427-5782A80ABFC8} = {5E1502C6-C4C7-46CA-B9C8-A0E67DA17545}
		{610A0AA6-43FF-4BB8-94FA-1C733ECA2D3A} = {5E1502C6-C4C7-46CA-B9C8-A0E67DA17545}
		{43031831-51C4-4BCA-B4E4-AFEEB0C771CA} = {8ABB3FD3-3321-4A30-ABF8-72C908DD7B00}
		{3B1EDE5B-2AEF-4368-A775-E26FCC8DF8FD} = {8ABB3FD3-3321-4A30-ABF8-72C908DD7B00}
		{01B46266-A080-46EA-81A4-A61D95977A08} = {8ABB3FD3-3321-4A30-ABF8-72C908DD7B00}
		{4888905E-130B-4538-BE31-B648E66CB7DA} = {448C5E2C-2986-42A2-9B0A-89108C312DAB}
		{0437F76E-E309-47F2-A384-18FC1395C030} = {448C5E2C-2986-42A2-9B0A-89108C312DAB}
		{4DC6D5C8-CD18-49DF-A330-2C150FDD37FD} = {448C5E2C-2986-42A2-9B0A-89108C312DAB}
		{310AD68B-6C86-45FE-8F4A-6F94C2F9C8C6} = {48CAFEC7-2D38-4E73-933D-73DEBF9ACB99}
		{DD7033BE-291B-4C89-B395-20DDD1B037D2} = {48CAFEC7-2D38-4E73-933D-73DEBF9ACB99}
		{5AD7C454-C908-4449-94B5-4F1153982C92} = {48CAFEC7-2D38-4E73-933D-73DEBF9ACB99}
		{6D0FD325-FD9C-4469-8DFE-AAE7C0E11654} = {391722E5-F898-4D0E-8D19-F6F6BEAFB941}
		{A8DC2206-A707-43C9-8B0B-0A241C497B1B} = {391722E5-F898-4D0E-8D19-F6F6BEAFB941}
		{2366FB4C-3592-41F8-9C74-8948A5205DEE} = {391722E5-F898-4D0E-8D19-F6F6BEAFB941}
	EndGlobalSection
	GlobalSection(ExtensibilityGlobals) = postSolution
		SolutionGuid = {FB99C7E2-B944-4C5F-9356-606F56775107}
	EndGlobalSection
EndGlobal
